
Microsoft Visual Studio Solution File, Format Version 12.00
# Visual Studio 15
VisualStudioVersion = 15.0.26730.15
MinimumVisualStudioVersion = 10.0.40219.1
Project("{FAE04EC0-301F-11D3-BF4B-00C04F79EFBC}") = "ChangeCounter", "ChangeCounter\ChangeCounter.csproj", "{E856F0D7-8D92-425F-867F-157592814A32}"
EndProject
Global
	GlobalSection(SolutionConfigurationPlatforms) = preSolution
		Debug|Any CPU = Debug|Any CPU
		Release|Any CPU = Release|Any CPU
	EndGlobalSection
	GlobalSection(ProjectConfigurationPlatforms) = postSolution
		{E856F0D7-8D92-425F-867F-157592814A32}.Debug|Any CPU.ActiveCfg = Debug|Any CPU
		{E856F0D7-8D92-425F-867F-157592814A32}.Debug|Any CPU.Build.0 = Debug|Any CPU
		{E856F0D7-8D92-425F-867F-157592814A32}.Release|Any CPU.ActiveCfg = Release|Any CPU
		{E856F0D7-8D92-425F-867F-157592814A32}.Release|Any CPU.Build.0 = Release|Any CPU
	EndGlobalSection
	GlobalSection(SolutionProperties) = preSolution
		HideSolutionNode = FALSE
	EndGlobalSection
	GlobalSection(ExtensibilityGlobals) = postSolution
		SolutionGuid = {8BC635CB-5513-4DB1-AD9A-5C6FAEAE45D4}
	EndGlobalSection
EndGlobal
